{
  "originHash" : "96227693c344f88d6e3d4483b8b16977f6cae3b0f51ea870b052daa4e88a69ff",
  "pins" : [
    {
      "identity" : "swift-collections",
      "kind" : "remoteSourceControl",
      "location" : "https://github.com/apple/swift-collections.git",
      "state" : {
        "revision" : "c1805596154bb3a265fd91b8ac0c4433b4348fb0",
        "version" : "1.2.0"
      }
    }
  ],
  "version" : 3
}
